{
  "requires": true,
  "lockfileVersion": 1,
  "dependencies": {
    "@better-scroll/core": {
      "version": "2.0.4",
      "resolved": "https://registry.npmjs.org/@better-scroll/core/-/core-2.0.4.tgz",
      "integrity": "sha512-DKmQKnb537vxQ9T9EyhP1DkChvsgA5+LwVnEVnYDR4w/2/gmQVsAN2m0DRja6vLx6o40Uex3bODqxeJqhCkYhA==",
      "requires": {
        "@better-scroll/shared-utils": "^2.0.4"
      }
    },
    "@better-scroll/mouse-wheel": {
      "version": "2.0.4",
      "resolved": "https://registry.npmjs.org/@better-scroll/mouse-wheel/-/mouse-wheel-2.0.4.tgz",
      "integrity": "sha512-rtu1CK7YjrtnPrC4qRYXAU+7OsV8T/OVQ1mHoS4pHgGNavioZksKPSgZbyp4zt+AibEWPeA4y4EvZRWw6VwBTQ==",
      "requires": {
        "@better-scroll/core": "^2.0.4"
      }
    },
    "@better-scroll/observe-dom": {
      "version": "2.0.4",
      "resolved": "https://registry.npmjs.org/@better-scroll/observe-dom/-/observe-dom-2.0.4.tgz",
      "integrity": "sha512-xA2fl3wyVSvY08edzAz1+hjiI+zvisRy4KKW4gPAHVZLcOdAlGu70ffKKcvd0DgTeJNnAW8cfAcVJ5oMgU1Gmw==",
      "requires": {
        "@better-scroll/core": "^2.0.4"
      }
    },
    "@better-scroll/pull-down": {
      "version": "2.0.4",
      "resolved": "https://registry.npmjs.org/@better-scroll/pull-down/-/pull-down-2.0.4.tgz",
      "integrity": "sha512-Dr5l/GgMVz4Z9wnVp4BJTg2Fv8UaShqrbhuLO0NS9SlnrBhrald/PcCl3IQv1XFe9M1bgoC8dxkY80NKQWkBVg==",
      "requires": {
        "@better-scroll/core": "^2.0.4"
      }
    },
    "@better-scroll/pull-up": {
      "version": "2.0.4",
      "resolved": "https://registry.npmjs.org/@better-scroll/pull-up/-/pull-up-2.0.4.tgz",
      "integrity": "sha512-GHAEntRncWilftY7XIntkYinsoHXn3ITl4bH4EcQjTKeSlzVfjtFGfT/TEOwzzPF9wTNgPmyCbHhl9Db2Snyvg==",
      "requires": {
        "@better-scroll/core": "^2.0.4"
      }
    },
    "@better-scroll/scroll-bar": {
      "version": "2.0.4",
      "resolved": "https://registry.npmjs.org/@better-scroll/scroll-bar/-/scroll-bar-2.0.4.tgz",
      "integrity": "sha512-XMRJI3S2h+PdJ0URpAcKUcYFEjBT8JtMbZlsceElKCZQE8FzLE5p6fOItPQsb7tTeOrC4U32QzvuB42h/prxsg==",
      "requires": {
        "@better-scroll/core": "^2.0.4"
      }
    },
    "@better-scroll/shared-utils": {
      "version": "2.0.4",
      "resolved": "https://registry.npmjs.org/@better-scroll/shared-utils/-/shared-utils-2.0.4.tgz",
      "integrity": "sha512-soMtzk6GIUMy4zOlOCEt2hE+PiYNctmjPXQkb3UgTTlcXH6vJJejr3QnxXxa2w2mDa/hz9YSaZGXZ7z67WGEMg=="
    },
    "@better-scroll/slide": {
      "version": "2.0.4",
      "resolved": "https://registry.npmjs.org/@better-scroll/slide/-/slide-2.0.4.tgz",
      "integrity": "sha512-Qxizav86O8tedBODAJ90w/0FnMsVBcBI98UT5alnotcR4XANfWcKltgLtOXCg2SmmGFc058TOgZRmblY4PAEhg==",
      "requires": {
        "@better-scroll/core": "^2.0.4"
      }
    },
    "@better-scroll/wheel": {
      "version": "2.0.4",
      "resolved": "https://registry.npmjs.org/@better-scroll/wheel/-/wheel-2.0.4.tgz",
      "integrity": "sha512-CJnx0UH3vWmiy/txuvLZmQSMaO2QuZp9G15NDnSn67xz9vZRhX0EzBC5HKegGDqGShSG/KAiIMwSoiQDstDvKA==",
      "requires": {
        "@better-scroll/core": "^2.0.4"
      }
    },
    "@better-scroll/zoom": {
      "version": "2.0.4",
      "resolved": "https://registry.npmjs.org/@better-scroll/zoom/-/zoom-2.0.4.tgz",
      "integrity": "sha512-r5P13/nUDLQqj1NqnCNFZvwv49xi/yn7Sow3XjyBJLsLA4yQ5f5/ty5KTk3bsx2kwia8TlasAPViZiNAVsoziQ==",
      "requires": {
        "@better-scroll/core": "^2.0.4"
      }
    },
    "better-scroll": {
      "version": "2.0.4",
      "resolved": "https://registry.npmjs.org/better-scroll/-/better-scroll-2.0.4.tgz",
      "integrity": "sha512-ZpUxhDYMErpZRrOShpuoepUlXrJIRT8PO2+QqZOeqqDNcCQQdGc3w+DXJbUxKzOOEjyh/twcQ5oakb2I0wLXBg==",
      "requires": {
        "@better-scroll/core": "^2.0.4",
        "@better-scroll/mouse-wheel": "^2.0.4",
        "@better-scroll/observe-dom": "^2.0.4",
        "@better-scroll/pull-down": "^2.0.4",
        "@better-scroll/pull-up": "^2.0.4",
        "@better-scroll/scroll-bar": "^2.0.4",
        "@better-scroll/slide": "^2.0.4",
        "@better-scroll/wheel": "^2.0.4",
        "@better-scroll/zoom": "^2.0.4"
      }
    }
  }
}
